
Microsoft Visual Studio Solution File, Format Version 12.00
# Visual Studio Version 17
VisualStudioVersion = 17.5.002.0
MinimumVisualStudioVersion = 10.0.40219.1
Project("{FAE04EC0-301F-11D3-BF4B-00C04F79EFBC}") = "program", "program\program.csproj", "{6454F5C4-BD06-4A5D-929E-AB50397A7440}"
EndProject
Global
	GlobalSection(SolutionProperties) = preSolution
		HideSolutionNode = FALSE
	EndGlobalSection
	GlobalSection(ExtensibilityGlobals) = postSolution
		SolutionGuid = {A70F15AB-7D21-445F-9F8B-0A5CA8943152}
	EndGlobalSection
	GlobalSection(SolutionConfigurationPlatforms) = preSolution
		Debug|Any CPU = Debug|Any CPU
		Debug|x64 = Debug|x64
		Debug|x86 = Debug|x86
		Release|Any CPU = Release|Any CPU
		Release|x64 = Release|x64
		Release|x86 = Release|x86
	EndGlobalSection
	GlobalSection(ProjectConfigurationPlatforms) = postSolution
		{6454F5C4-BD06-4A5D-929E-AB50397A7440}.Debug|Any CPU.ActiveCfg = Debug|Any CPU
		{6454F5C4-BD06-4A5D-929E-AB50397A7440}.Debug|Any CPU.Build.0 = Debug|Any CPU
		{6454F5C4-BD06-4A5D-929E-AB50397A7440}.Debug|x64.ActiveCfg = Debug|Any CPU
		{6454F5C4-BD06-4A5D-929E-AB50397A7440}.Debug|x64.Build.0 = Debug|Any CPU
		{6454F5C4-BD06-4A5D-929E-AB50397A7440}.Debug|x86.ActiveCfg = Debug|Any CPU
		{6454F5C4-BD06-4A5D-929E-AB50397A7440}.Debug|x86.Build.0 = Debug|Any CPU
		{6454F5C4-BD06-4A5D-929E-AB50397A7440}.Release|Any CPU.ActiveCfg = Release|Any CPU
		{6454F5C4-BD06-4A5D-929E-AB50397A7440}.Release|Any CPU.Build.0 = Release|Any CPU
		{6454F5C4-BD06-4A5D-929E-AB50397A7440}.Release|x64.ActiveCfg = Release|Any CPU
		{6454F5C4-BD06-4A5D-929E-AB50397A7440}.Release|x64.Build.0 = Release|Any CPU
		{6454F5C4-BD06-4A5D-929E-AB50397A7440}.Release|x86.ActiveCfg = Release|Any CPU
		{6454F5C4-BD06-4A5D-929E-AB50397A7440}.Release|x86.Build.0 = Release|Any CPU
	EndGlobalSection
EndGlobal
